
Microsoft Visual Studio Solution File, Format Version 12.00
# Visual Studio Version 17
VisualStudioVersion = 17.8.34330.188
MinimumVisualStudioVersion = 10.0.40219.1
Project("{9A19103F-16F7-4668-BE54-9A1E7A4F7556}") = "LionWeb-CSharp-Build", "build\LionWeb-CSharp-Build\LionWeb-CSharp-Build.csproj", "{9387B682-36E8-4385-80AB-45020B346A4B}"
EndProject
Project("{9A19103F-16F7-4668-BE54-9A1E7A4F7556}") = "LionWeb.Core", "src\LionWeb.Core\LionWeb.Core.csproj", "{4066676D-48BA-4AEA-AB85-5D23A2E39B54}"
EndProject
Project("{9A19103F-16F7-4668-BE54-9A1E7A4F7556}") = "LionWeb.Core.Test", "test\LionWeb.Core.Test\LionWeb.Core.Test.csproj", "{ED47B25A-37D3-4383-8712-8CA30C897DDC}"
EndProject
Project("{2150E333-8FDC-42A3-9474-1A3956D46DE8}") = "Solution Items", "Solution Items", "{E37C3E8F-70A4-416B-9E4D-ACA0D373677F}"
	ProjectSection(SolutionItems) = preProject
		.editorconfig = .editorconfig
		.gitignore = .gitignore
		Directory.Build.props = Directory.Build.props
		Directory.Packages.props = Directory.Packages.props
		LICENSE = LICENSE
		README.md = README.md
		CHANGELOG.md = CHANGELOG.md
		make.ps1 = make.ps1
	EndProjectSection
EndProject
Project("{2150E333-8FDC-42A3-9474-1A3956D46DE8}") = "src", "src", "{E957460B-DC76-488F-9F56-484512041B57}"
EndProject
Project("{2150E333-8FDC-42A3-9474-1A3956D46DE8}") = "test", "test", "{09525310-7481-4D53-BC3F-6DB6BE11CEE6}"
EndProject
Project("{2150E333-8FDC-42A3-9474-1A3956D46DE8}") = "build", "build", "{70B597AE-362A-462D-AE62-902B7CA3AE2A}"
EndProject
Project("{2150E333-8FDC-42A3-9474-1A3956D46DE8}") = "docs", "docs", "{49B2FB80-3600-42F8-9BD5-6E7A87A36F94}"
	ProjectSection(SolutionItems) = preProject
		docs\comparer.adoc = docs\comparer.adoc
		docs\comparer.pdf = docs\comparer.pdf
		docs\parents.adoc = docs\parents.adoc
		docs\parents.pdf = docs\parents.pdf
		docs\LionWeb-intro-CSharp.adoc = docs\LionWeb-intro-CSharp.adoc
		docs\LionWeb-intro-CSharp.pdf = docs\LionWeb-intro-CSharp.pdf
		docs\notificationHandlers-allSteps.drawio.svg = docs\notificationHandlers-allSteps.drawio.svg
		docs\notificationHandlers-localSteps.drawio.svg = docs\notificationHandlers-localSteps.drawio.svg
		docs\notificationHandlers-noSteps.drawio.svg = docs\notificationHandlers-noSteps.drawio.svg
		docs\notificationHandlers-remoteSteps.drawio.svg = docs\notificationHandlers-remoteSteps.drawio.svg
		docs\LionWeb-notification-api.adoc = docs\LionWeb-notification-api.adoc
		docs\LionWeb-notification-api.pdf = docs\LionWeb-notification-api.pdf
		docs\UnresolvedReferences.adoc = docs\UnresolvedReferences.adoc
		docs\unresolved-references-table.png = docs\unresolved-references-table.png
	EndProjectSection
EndProject
Project("{FAE04EC0-301F-11D3-BF4B-00C04F79EFBC}") = "LionWeb.Generator", "src\LionWeb.Generator\LionWeb.Generator.csproj", "{D654BC85-5FF7-4186-BEF4-389472FB167D}"
EndProject
Project("{FAE04EC0-301F-11D3-BF4B-00C04F79EFBC}") = "LionWeb.Generator.MpsSpecific", "src\LionWeb.Generator.MpsSpecific\LionWeb.Generator.MpsSpecific.csproj", "{DEFEC723-43FF-4A8D-B2FE-E46CFF704302}"
EndProject
Project("{FAE04EC0-301F-11D3-BF4B-00C04F79EFBC}") = "LionWeb.Protocol.Delta", "src\LionWeb.Protocol.Delta\LionWeb.Protocol.Delta.csproj", "{EC0443AB-DE70-4880-9CB4-DD21BF5FE12C}"
EndProject
Project("{FAE04EC0-301F-11D3-BF4B-00C04F79EFBC}") = "LionWeb.Protocol.Delta.Test", "test\LionWeb.Protocol.Delta.Test\LionWeb.Protocol.Delta.Test.csproj", "{9ECE3D56-838A-41E6-B1EC-E4304D76CBF3}"
EndProject
Project("{FAE04EC0-301F-11D3-BF4B-00C04F79EFBC}") = "LionWeb.Core.Benchmark", "test\LionWeb.Core.Benchmark\LionWeb.Core.Benchmark.csproj", "{B3B0A6DE-F454-4BD4-B55A-53E327808BC6}"
EndProject
Project("{FAE04EC0-301F-11D3-BF4B-00C04F79EFBC}") = "LionWeb.Generator.Cli", "src\LionWeb.Generator.Cli\LionWeb.Generator.Cli.csproj", "{79149002-9723-4F81-BA7B-924863397F2D}"
EndProject
Project("{FAE04EC0-301F-11D3-BF4B-00C04F79EFBC}") = "LionWeb.Generator.Cli.Test", "test\LionWeb.Generator.Cli.Test\LionWeb.Generator.Cli.Test.csproj", "{D0F284AA-34F1-4DDA-BB4E-1BA15665D7D8}"
EndProject
Project("{FAE04EC0-301F-11D3-BF4B-00C04F79EFBC}") = "LionWeb.WebSocket", "src\LionWeb.WebSocket\LionWeb.WebSocket.csproj", "{DEB08206-216F-43C2-9355-1ADA2D7FE651}"
EndProject
Global
	GlobalSection(SolutionConfigurationPlatforms) = preSolution
		Debug|Any CPU = Debug|Any CPU
		Release|Any CPU = Release|Any CPU
	EndGlobalSection
	GlobalSection(ProjectConfigurationPlatforms) = postSolution
		{9387B682-36E8-4385-80AB-45020B346A4B}.Debug|Any CPU.ActiveCfg = Debug|Any CPU
		{9387B682-36E8-4385-80AB-45020B346A4B}.Debug|Any CPU.Build.0 = Debug|Any CPU
		{9387B682-36E8-4385-80AB-45020B346A4B}.Release|Any CPU.ActiveCfg = Release|Any CPU
		{9387B682-36E8-4385-80AB-45020B346A4B}.Release|Any CPU.Build.0 = Release|Any CPU
		{4066676D-48BA-4AEA-AB85-5D23A2E39B54}.Debug|Any CPU.ActiveCfg = Debug|Any CPU
		{4066676D-48BA-4AEA-AB85-5D23A2E39B54}.Debug|Any CPU.Build.0 = Debug|Any CPU
		{4066676D-48BA-4AEA-AB85-5D23A2E39B54}.Release|Any CPU.ActiveCfg = Release|Any CPU
		{4066676D-48BA-4AEA-AB85-5D23A2E39B54}.Release|Any CPU.Build.0 = Release|Any CPU
		{ED47B25A-37D3-4383-8712-8CA30C897DDC}.Debug|Any CPU.ActiveCfg = Debug|Any CPU
		{ED47B25A-37D3-4383-8712-8CA30C897DDC}.Debug|Any CPU.Build.0 = Debug|Any CPU
		{ED47B25A-37D3-4383-8712-8CA30C897DDC}.Release|Any CPU.ActiveCfg = Release|Any CPU
		{ED47B25A-37D3-4383-8712-8CA30C897DDC}.Release|Any CPU.Build.0 = Release|Any CPU
		{D654BC85-5FF7-4186-BEF4-389472FB167D}.Debug|Any CPU.ActiveCfg = Debug|Any CPU
		{D654BC85-5FF7-4186-BEF4-389472FB167D}.Debug|Any CPU.Build.0 = Debug|Any CPU
		{D654BC85-5FF7-4186-BEF4-389472FB167D}.Release|Any CPU.ActiveCfg = Release|Any CPU
		{D654BC85-5FF7-4186-BEF4-389472FB167D}.Release|Any CPU.Build.0 = Release|Any CPU
		{DEFEC723-43FF-4A8D-B2FE-E46CFF704302}.Debug|Any CPU.ActiveCfg = Debug|Any CPU
		{DEFEC723-43FF-4A8D-B2FE-E46CFF704302}.Debug|Any CPU.Build.0 = Debug|Any CPU
		{DEFEC723-43FF-4A8D-B2FE-E46CFF704302}.Release|Any CPU.ActiveCfg = Release|Any CPU
		{DEFEC723-43FF-4A8D-B2FE-E46CFF704302}.Release|Any CPU.Build.0 = Release|Any CPU
		{EC0443AB-DE70-4880-9CB4-DD21BF5FE12C}.Debug|Any CPU.ActiveCfg = Debug|Any CPU
		{EC0443AB-DE70-4880-9CB4-DD21BF5FE12C}.Debug|Any CPU.Build.0 = Debug|Any CPU
		{EC0443AB-DE70-4880-9CB4-DD21BF5FE12C}.Release|Any CPU.ActiveCfg = Release|Any CPU
		{EC0443AB-DE70-4880-9CB4-DD21BF5FE12C}.Release|Any CPU.Build.0 = Release|Any CPU
		{9ECE3D56-838A-41E6-B1EC-E4304D76CBF3}.Debug|Any CPU.ActiveCfg = Debug|Any CPU
		{9ECE3D56-838A-41E6-B1EC-E4304D76CBF3}.Debug|Any CPU.Build.0 = Debug|Any CPU
		{9ECE3D56-838A-41E6-B1EC-E4304D76CBF3}.Release|Any CPU.ActiveCfg = Release|Any CPU
		{9ECE3D56-838A-41E6-B1EC-E4304D76CBF3}.Release|Any CPU.Build.0 = Release|Any CPU
		{B3B0A6DE-F454-4BD4-B55A-53E327808BC6}.Debug|Any CPU.ActiveCfg = Debug|Any CPU
		{B3B0A6DE-F454-4BD4-B55A-53E327808BC6}.Debug|Any CPU.Build.0 = Debug|Any CPU
		{B3B0A6DE-F454-4BD4-B55A-53E327808BC6}.Release|Any CPU.ActiveCfg = Release|Any CPU
		{B3B0A6DE-F454-4BD4-B55A-53E327808BC6}.Release|Any CPU.Build.0 = Release|Any CPU
		{79149002-9723-4F81-BA7B-924863397F2D}.Debug|Any CPU.ActiveCfg = Debug|Any CPU
		{79149002-9723-4F81-BA7B-924863397F2D}.Debug|Any CPU.Build.0 = Debug|Any CPU
		{79149002-9723-4F81-BA7B-924863397F2D}.Release|Any CPU.ActiveCfg = Release|Any CPU
		{79149002-9723-4F81-BA7B-924863397F2D}.Release|Any CPU.Build.0 = Release|Any CPU
		{D0F284AA-34F1-4DDA-BB4E-1BA15665D7D8}.Debug|Any CPU.ActiveCfg = Debug|Any CPU
		{D0F284AA-34F1-4DDA-BB4E-1BA15665D7D8}.Debug|Any CPU.Build.0 = Debug|Any CPU
		{D0F284AA-34F1-4DDA-BB4E-1BA15665D7D8}.Release|Any CPU.ActiveCfg = Release|Any CPU
		{D0F284AA-34F1-4DDA-BB4E-1BA15665D7D8}.Release|Any CPU.Build.0 = Release|Any CPU
		{DEB08206-216F-43C2-9355-1ADA2D7FE651}.Debug|Any CPU.ActiveCfg = Debug|Any CPU
		{DEB08206-216F-43C2-9355-1ADA2D7FE651}.Debug|Any CPU.Build.0 = Debug|Any CPU
		{DEB08206-216F-43C2-9355-1ADA2D7FE651}.Release|Any CPU.ActiveCfg = Release|Any CPU
		{DEB08206-216F-43C2-9355-1ADA2D7FE651}.Release|Any CPU.Build.0 = Release|Any CPU
	EndGlobalSection
	GlobalSection(SolutionProperties) = preSolution
		HideSolutionNode = FALSE
	EndGlobalSection
	GlobalSection(NestedProjects) = preSolution
		{9387B682-36E8-4385-80AB-45020B346A4B} = {70B597AE-362A-462D-AE62-902B7CA3AE2A}
		{4066676D-48BA-4AEA-AB85-5D23A2E39B54} = {E957460B-DC76-488F-9F56-484512041B57}
		{ED47B25A-37D3-4383-8712-8CA30C897DDC} = {09525310-7481-4D53-BC3F-6DB6BE11CEE6}
		{49B2FB80-3600-42F8-9BD5-6E7A87A36F94} = {E37C3E8F-70A4-416B-9E4D-ACA0D373677F}
		{D654BC85-5FF7-4186-BEF4-389472FB167D} = {E957460B-DC76-488F-9F56-484512041B57}
		{DEFEC723-43FF-4A8D-B2FE-E46CFF704302} = {E957460B-DC76-488F-9F56-484512041B57}
		{EC0443AB-DE70-4880-9CB4-DD21BF5FE12C} = {E957460B-DC76-488F-9F56-484512041B57}
		{9ECE3D56-838A-41E6-B1EC-E4304D76CBF3} = {09525310-7481-4D53-BC3F-6DB6BE11CEE6}
		{B3B0A6DE-F454-4BD4-B55A-53E327808BC6} = {09525310-7481-4D53-BC3F-6DB6BE11CEE6}
		{79149002-9723-4F81-BA7B-924863397F2D} = {E957460B-DC76-488F-9F56-484512041B57}
		{D0F284AA-34F1-4DDA-BB4E-1BA15665D7D8} = {09525310-7481-4D53-BC3F-6DB6BE11CEE6}
		{DEB08206-216F-43C2-9355-1ADA2D7FE651} = {E957460B-DC76-488F-9F56-484512041B57}
	EndGlobalSection
	GlobalSection(ExtensibilityGlobals) = postSolution
		SolutionGuid = {B87942B3-33E0-4127-96DA-337DDC0E2BF6}
	EndGlobalSection
EndGlobal
